hash: e6269f5353641e8060c0b38f969999549ecfca6a1c1e57d945747e8af988c7a8
updated: 2018-08-20T22:06:55.724598728+08:00
imports:
- name: github.com/gorilla/context
  version: 08b5f424b9271eedf6f9f0ce86cb9396ed337a42
- name: github.com/gorilla/mux
  version: cb4698366aa625048f3b815af6a0dea8aef9280a
- name: golang.org/x/oauth2
  version: 3d292e4d0cdc3a0113e6d207bb137145ef1de42f
testImports: []
